
Microsoft Visual Studio Solution File, Format Version 12.00
# Visual Studio Version 16
VisualStudioVersion = 16.0.31729.503
MinimumVisualStudioVersion = 10.0.40219.1
Project("{FAE04EC0-301F-11D3-BF4B-00C04F79EFBC}") = "AddressBookSystem", "AddressBookSystem.csproj", "{ACFDDC37-F5AB-4440-9CD5-AB83C2277AC3}"
EndProject
Global
	GlobalSection(SolutionConfigurationPlatforms) = preSolution
		Debug|Any CPU = Debug|Any CPU
		Release|Any CPU = Release|Any CPU
	EndGlobalSection
	GlobalSection(ProjectConfigurationPlatforms) = postSolution
		{ACFDDC37-F5AB-4440-9CD5-AB83C2277AC3}.Debug|Any CPU.ActiveCfg = Debug|Any CPU
		{ACFDDC37-F5AB-4440-9CD5-AB83C2277AC3}.Debug|Any CPU.Build.0 = Debug|Any CPU
		{ACFDDC37-F5AB-4440-9CD5-AB83C2277AC3}.Release|Any CPU.ActiveCfg = Release|Any CPU
		{ACFDDC37-F5AB-4440-9CD5-AB83C2277AC3}.Release|Any CPU.Build.0 = Release|Any CPU
	EndGlobalSection
	GlobalSection(SolutionProperties) = preSolution
		HideSolutionNode = FALSE
	EndGlobalSection
	GlobalSection(ExtensibilityGlobals) = postSolution
		SolutionGuid = {18DD08E9-F7B8-4462-9E63-B967AD0147AE}
	EndGlobalSection
EndGlobal
